
Microsoft Visual Studio Solution File, Format Version 12.00
# Visual Studio Version 17
VisualStudioVersion = 17.0.31717.71
MinimumVisualStudioVersion = 10.0.40219.1
Project("{9A19103F-16F7-4668-BE54-9A1E7A4F7556}") = "Vovk.Lab4-Zadanie1", "Vovk.Lab4-Zadanie1\Vovk.Lab4-Zadanie1\Vovk.Lab4-Zadanie1.csproj", "{CFA4D4B9-6F00-40E5-B629-34FA3409B3B1}"
EndProject
Project("{9A19103F-16F7-4668-BE54-9A1E7A4F7556}") = "Lab4-Zadanie2.Vovk", "Lab4-Zadanie2.Vovk\Lab4-Zadanie2.Vovk\Lab4-Zadanie2.Vovk.csproj", "{CFCE3C66-2069-496D-919D-F4EA6DFD6BF7}"
EndProject
Project("{9A19103F-16F7-4668-BE54-9A1E7A4F7556}") = "Lab4-Zadanie3.Vovk", "Lab4-Zadanie3.Vovk\Lab4-Zadanie3.Vovk\Lab4-Zadanie3.Vovk.csproj", "{90432945-7F72-4700-8BF2-3ACB8F3E33BC}"
EndProject
Global
	GlobalSection(SolutionConfigurationPlatforms) = preSolution
		Debug|Any CPU = Debug|Any CPU
		Release|Any CPU = Release|Any CPU
	EndGlobalSection
	GlobalSection(ProjectConfigurationPlatforms) = postSolution
		{CFA4D4B9-6F00-40E5-B629-34FA3409B3B1}.Debug|Any CPU.ActiveCfg = Debug|Any CPU
		{CFA4D4B9-6F00-40E5-B629-34FA3409B3B1}.Debug|Any CPU.Build.0 = Debug|Any CPU
		{CFA4D4B9-6F00-40E5-B629-34FA3409B3B1}.Release|Any CPU.ActiveCfg = Release|Any CPU
		{CFA4D4B9-6F00-40E5-B629-34FA3409B3B1}.Release|Any CPU.Build.0 = Release|Any CPU
		{CFCE3C66-2069-496D-919D-F4EA6DFD6BF7}.Debug|Any CPU.ActiveCfg = Debug|Any CPU
		{CFCE3C66-2069-496D-919D-F4EA6DFD6BF7}.Debug|Any CPU.Build.0 = Debug|Any CPU
		{CFCE3C66-2069-496D-919D-F4EA6DFD6BF7}.Release|Any CPU.ActiveCfg = Release|Any CPU
		{CFCE3C66-2069-496D-919D-F4EA6DFD6BF7}.Release|Any CPU.Build.0 = Release|Any CPU
		{90432945-7F72-4700-8BF2-3ACB8F3E33BC}.Debug|Any CPU.ActiveCfg = Debug|Any CPU
		{90432945-7F72-4700-8BF2-3ACB8F3E33BC}.Debug|Any CPU.Build.0 = Debug|Any CPU
		{90432945-7F72-4700-8BF2-3ACB8F3E33BC}.Release|Any CPU.ActiveCfg = Release|Any CPU
		{90432945-7F72-4700-8BF2-3ACB8F3E33BC}.Release|Any CPU.Build.0 = Release|Any CPU
	EndGlobalSection
	GlobalSection(SolutionProperties) = preSolution
		HideSolutionNode = FALSE
	EndGlobalSection
	GlobalSection(ExtensibilityGlobals) = postSolution
		SolutionGuid = {73CFFB6B-E2D7-4C68-8B90-5E0EFB27AEE6}
	EndGlobalSection
EndGlobal
